
Microsoft Visual Studio Solution File, Format Version 12.00
# Visual Studio Version 17
VisualStudioVersion = 17.5.33502.453
MinimumVisualStudioVersion = 10.0.40219.1
Project("{FAE04EC0-301F-11D3-BF4B-00C04F79EFBC}") = "Trabajo_15_03_2023", "Trabajo_15_03_2023\Trabajo_15_03_2023.csproj", "{59BD5847-DDB4-49F3-833A-056498A408EF}"
EndProject
Global
	GlobalSection(SolutionConfigurationPlatforms) = preSolution
		Debug|Any CPU = Debug|Any CPU
		Release|Any CPU = Release|Any CPU
	EndGlobalSection
	GlobalSection(ProjectConfigurationPlatforms) = postSolution
		{59BD5847-DDB4-49F3-833A-056498A408EF}.Debug|Any CPU.ActiveCfg = Debug|Any CPU
		{59BD5847-DDB4-49F3-833A-056498A408EF}.Debug|Any CPU.Build.0 = Debug|Any CPU
		{59BD5847-DDB4-49F3-833A-056498A408EF}.Release|Any CPU.ActiveCfg = Release|Any CPU
		{59BD5847-DDB4-49F3-833A-056498A408EF}.Release|Any CPU.Build.0 = Release|Any CPU
	EndGlobalSection
	GlobalSection(SolutionProperties) = preSolution
		HideSolutionNode = FALSE
	EndGlobalSection
	GlobalSection(ExtensibilityGlobals) = postSolution
		SolutionGuid = {8E548E46-1B72-4FAE-A5F8-D4203045F82F}
	EndGlobalSection
EndGlobal
